
Microsoft Visual Studio Solution File, Format Version 12.00
# Visual Studio 2013
VisualStudioVersion = 12.0.31101.0
MinimumVisualStudioVersion = 10.0.40219.1
Project("{FAE04EC0-301F-11D3-BF4B-00C04F79EFBC}") = "NInsight.Core", "Src\NInsight.Core\NInsight.Core.csproj", "{1ABB1954-A62E-492C-8FDE-D897395EA02E}"
EndProject
Project("{FAE04EC0-301F-11D3-BF4B-00C04F79EFBC}") = "NInsight.Persistence", "Src\NInsight.Persistence\NInsight.Persistence.csproj", "{9861AF41-FD5A-498C-B766-E793F74D7685}"
EndProject
Global
	GlobalSection(SolutionConfigurationPlatforms) = preSolution
		Debug|Any CPU = Debug|Any CPU
		Release|Any CPU = Release|Any CPU
	EndGlobalSection
	GlobalSection(ProjectConfigurationPlatforms) = postSolution
		{1ABB1954-A62E-492C-8FDE-D897395EA02E}.Debug|Any CPU.ActiveCfg = Debug|Any CPU
		{1ABB1954-A62E-492C-8FDE-D897395EA02E}.Debug|Any CPU.Build.0 = Debug|Any CPU
		{1ABB1954-A62E-492C-8FDE-D897395EA02E}.Release|Any CPU.ActiveCfg = Release|Any CPU
		{1ABB1954-A62E-492C-8FDE-D897395EA02E}.Release|Any CPU.Build.0 = Release|Any CPU
		{9861AF41-FD5A-498C-B766-E793F74D7685}.Debug|Any CPU.ActiveCfg = Debug|Any CPU
		{9861AF41-FD5A-498C-B766-E793F74D7685}.Debug|Any CPU.Build.0 = Debug|Any CPU
		{9861AF41-FD5A-498C-B766-E793F74D7685}.Release|Any CPU.ActiveCfg = Release|Any CPU
		{9861AF41-FD5A-498C-B766-E793F74D7685}.Release|Any CPU.Build.0 = Release|Any CPU
	EndGlobalSection
	GlobalSection(SolutionProperties) = preSolution
		HideSolutionNode = FALSE
	EndGlobalSection
EndGlobal
